{
    "requires": true,
    "lockfileVersion": 1,
    "dependencies": {
        "chartjs-adapter-date-fns": {
            "version": "3.0.0",
            "resolved": "https://registry.npmjs.org/chartjs-adapter-date-fns/-/chartjs-adapter-date-fns-3.0.0.tgz",
            "integrity": "sha512-Rs3iEB3Q5pJ973J93OBTpnP7qoGwvq3nUnoMdtxO+9aoJof7UFcRbWcIDteXuYd1fgAvct/32T9qaLyLuZVwCg=="
        }
    }
}
